
Microsoft Visual Studio Solution File, Format Version 12.00
# Visual Studio 2012
Project("{FAE04EC0-301F-11D3-BF4B-00C04F79EFBC}") = "FCT.Lib", "FCT.Lib\FCT.Lib.csproj", "{67E97094-EE61-4BB6-887D-E60F306F4C91}"
EndProject
Project("{FAE04EC0-301F-11D3-BF4B-00C04F79EFBC}") = "FCT.Lib.UnitTest", "FCT.Lib.UnitTest\FCT.Lib.UnitTest.csproj", "{94D9E7B4-7688-42CA-A76A-3AAB1CF620B6}"
EndProject
Global
	GlobalSection(TeamFoundationVersionControl) = preSolution
		SccNumberOfProjects = 3
		SccEnterpriseProvider = {4CA58AB2-18FA-4F8D-95D4-32DDF27D184C}
		SccTeamFoundationServer = https://tfs.codeplex.com/tfs/tfs30
		SccLocalPath0 = .
		SccProjectUniqueName1 = FCT.Lib\\FCT.Lib.csproj
		SccProjectName1 = FCT.Lib
		SccLocalPath1 = FCT.Lib
		SccProjectUniqueName2 = FCT.Lib.UnitTest\\FCT.Lib.UnitTest.csproj
		SccProjectName2 = FCT.Lib.UnitTest
		SccLocalPath2 = FCT.Lib.UnitTest
	EndGlobalSection
	GlobalSection(SolutionConfigurationPlatforms) = preSolution
		Debug|Any CPU = Debug|Any CPU
		Release|Any CPU = Release|Any CPU
	EndGlobalSection
	GlobalSection(ProjectConfigurationPlatforms) = postSolution
		{67E97094-EE61-4BB6-887D-E60F306F4C91}.Debug|Any CPU.ActiveCfg = Debug|Any CPU
		{67E97094-EE61-4BB6-887D-E60F306F4C91}.Debug|Any CPU.Build.0 = Debug|Any CPU
		{67E97094-EE61-4BB6-887D-E60F306F4C91}.Release|Any CPU.ActiveCfg = Release|Any CPU
		{67E97094-EE61-4BB6-887D-E60F306F4C91}.Release|Any CPU.Build.0 = Release|Any CPU
		{94D9E7B4-7688-42CA-A76A-3AAB1CF620B6}.Debug|Any CPU.ActiveCfg = Debug|Any CPU
		{94D9E7B4-7688-42CA-A76A-3AAB1CF620B6}.Debug|Any CPU.Build.0 = Debug|Any CPU
		{94D9E7B4-7688-42CA-A76A-3AAB1CF620B6}.Release|Any CPU.ActiveCfg = Release|Any CPU
		{94D9E7B4-7688-42CA-A76A-3AAB1CF620B6}.Release|Any CPU.Build.0 = Release|Any CPU
	EndGlobalSection
	GlobalSection(SolutionProperties) = preSolution
		HideSolutionNode = FALSE
	EndGlobalSection
EndGlobal
